# This file is automatically @generated by Cargo.
# It is not intended for manual editing.
version = 4

[[package]]
name = "tantu"
version = "0.0.0"
dependencies = [
 "tantu-a11y",
 "tantu-core",
 "tantu-layout",
 "tantu-platform",
 "tantu-platform-winit",
 "tantu-reactive",
 "tantu-render-soft",
 "tantu-render-wgpu",
 "tantu-scene",
 "tantu-text",
 "tantu-theme",
 "tantu-view",
 "tantu-widgets",
]

[[package]]
name = "tantu-a11y"
version = "0.0.0"
dependencies = [
 "tantu-view",
]

[[package]]
name = "tantu-core"
version = "0.0.0"

[[package]]
name = "tantu-layout"
version = "0.0.0"
dependencies = [
 "tantu-core",
]

[[package]]
name = "tantu-platform"
version = "0.0.0"
dependencies = [
 "tantu-core",
]

[[package]]
name = "tantu-platform-winit"
version = "0.0.0"
dependencies = [
 "tantu-platform",
]

[[package]]
name = "tantu-reactive"
version = "0.0.0"
dependencies = [
 "tantu-core",
]

[[package]]
name = "tantu-render-headless"
version = "0.0.0"
dependencies = [
 "tantu-scene",
]

[[package]]
name = "tantu-render-soft"
version = "0.0.0"
dependencies = [
 "tantu-scene",
 "tantu-text",
]

[[package]]
name = "tantu-render-wgpu"
version = "0.0.0"
dependencies = [
 "tantu-scene",
 "tantu-text",
]

[[package]]
name = "tantu-scene"
version = "0.0.0"
dependencies = [
 "tantu-core",
]

[[package]]
name = "tantu-test"
version = "0.0.0"
dependencies = [
 "tantu-render-headless",
 "tantu-render-soft",
 "tantu-view",
]

[[package]]
name = "tantu-text"
version = "0.0.0"
dependencies = [
 "tantu-core",
 "tantu-scene",
]

[[package]]
name = "tantu-theme"
version = "0.0.0"
dependencies = [
 "tantu-view",
]

[[package]]
name = "tantu-view"
version = "0.0.0"
dependencies = [
 "tantu-core",
 "tantu-layout",
 "tantu-reactive",
 "tantu-scene",
 "tantu-text",
]

[[package]]
name = "tantu-widgets"
version = "0.0.0"
dependencies = [
 "tantu-view",
]

[[package]]
name = "xtask"
version = "0.0.0"
